
Microsoft Visual Studio Solution File, Format Version 12.00
# Visual Studio Version 17
VisualStudioVersion = 17.14.37027.9 d17.14
MinimumVisualStudioVersion = 10.0.40219.1
Project("{FAE04EC0-301F-11D3-BF4B-00C04F79EFBC}") = "LewdventureServer", "LewdventureServer.csproj", "{CF9D1C17-176C-F130-A64E-15E1B8771A2F}"
EndProject
Global
	GlobalSection(SolutionConfigurationPlatforms) = preSolution
		Debug|Any CPU = Debug|Any CPU
		Release|Any CPU = Release|Any CPU
	EndGlobalSection
	GlobalSection(ProjectConfigurationPlatforms) = postSolution
		{CF9D1C17-176C-F130-A64E-15E1B8771A2F}.Debug|Any CPU.ActiveCfg = Debug|Any CPU
		{CF9D1C17-176C-F130-A64E-15E1B8771A2F}.Debug|Any CPU.Build.0 = Debug|Any CPU
		{CF9D1C17-176C-F130-A64E-15E1B8771A2F}.Release|Any CPU.ActiveCfg = Release|Any CPU
		{CF9D1C17-176C-F130-A64E-15E1B8771A2F}.Release|Any CPU.Build.0 = Release|Any CPU
	EndGlobalSection
	GlobalSection(SolutionProperties) = preSolution
		HideSolutionNode = FALSE
	EndGlobalSection
	GlobalSection(ExtensibilityGlobals) = postSolution
		SolutionGuid = {94AE0374-A202-4B6F-A763-1B41195353BB}
	EndGlobalSection
EndGlobal
